
Microsoft Visual Studio Solution File, Format Version 12.00
# Visual Studio Version 17
VisualStudioVersion = 17.11.35222.181
MinimumVisualStudioVersion = 10.0.40219.1
Project("{FAE04EC0-301F-11D3-BF4B-00C04F79EFBC}") = "CelebritiesApi", "CelebritiesApi\CelebritiesApi.csproj", "{F265FC49-FF2F-42FD-97A6-515CE1028110}"
EndProject
Global
	GlobalSection(SolutionConfigurationPlatforms) = preSolution
		Debug|Any CPU = Debug|Any CPU
		Release|Any CPU = Release|Any CPU
	EndGlobalSection
	GlobalSection(ProjectConfigurationPlatforms) = postSolution
		{F265FC49-FF2F-42FD-97A6-515CE1028110}.Debug|Any CPU.ActiveCfg = Debug|Any CPU
		{F265FC49-FF2F-42FD-97A6-515CE1028110}.Debug|Any CPU.Build.0 = Debug|Any CPU
		{F265FC49-FF2F-42FD-97A6-515CE1028110}.Release|Any CPU.ActiveCfg = Release|Any CPU
		{F265FC49-FF2F-42FD-97A6-515CE1028110}.Release|Any CPU.Build.0 = Release|Any CPU
	EndGlobalSection
	GlobalSection(SolutionProperties) = preSolution
		HideSolutionNode = FALSE
	EndGlobalSection
	GlobalSection(ExtensibilityGlobals) = postSolution
		SolutionGuid = {B07C2385-3C64-4D7D-9449-BD0D5CE77E94}
	EndGlobalSection
EndGlobal
